// !$*UTF8*$!
{
	archiveVersion = 1;
	classes = {
	};
	objectVersion = 55;
	objects = {

/* Begin PBXBuildFile section */
		BB6E0E0C28E8CD0500D82012 /* WeatherListTableViewController.swift in Sources */ = {isa = PBXBuildFile; fileRef = BB6E0E0B28E8CD0500D82012 /* WeatherListTableViewController.swift */; };
		BB6E0E0E28E8CF6300D82012 /* AddCityWeatherViewController.swift in Sources */ = {isa = PBXBuildFile; fileRef = BB6E0E0D28E8CF6300D82012 /* AddCityWeatherViewController.swift */; };
		BB6E0E1128E8EC7300D82012 /* CityWeatherCell.swift in Sources */ = {isa = PBXBuildFile; fileRef = BB6E0E1028E8EC7300D82012 /* CityWeatherCell.swift */; };
		BB6E0E1428E919B500D82012 /* Webservice.swift in Sources */ = {isa = PBXBuildFile; fileRef = BB6E0E1328E919B500D82012 /* Webservice.swift */; };
		BB6E0E1728EA3E6900D82012 /* WeatherResponse.swift in Sources */ = {isa = PBXBuildFile; fileRef = BB6E0E1628EA3E6900D82012 /* WeatherResponse.swift */; };
		BB6E0E1A28EA507000D82012 /* AddWeatherViewModel.swift in Sources */ = {isa = PBXBuildFile; fileRef = BB6E0E1928EA507000D82012 /* AddWeatherViewModel.swift */; };
		BB6E0E1D28EA50BE00D82012 /* Constants.swift in Sources */ = {isa = PBXBuildFile; fileRef = BB6E0E1C28EA50BE00D82012 /* Constants.swift */; };
		BB6E0E2028EA532200D82012 /* String+Extensions.swift in Sources */ = {isa = PBXBuildFile; fileRef = BB6E0E1F28EA532200D82012 /* String+Extensions.swift */; };
		BB6E0E2228EA5BB200D82012 /* WeatherListViewModel.swift in Sources */ = {isa = PBXBuildFile; fileRef = BB6E0E2128EA5BB200D82012 /* WeatherListViewModel.swift */; };
		BB6E0E2428EA5C7C00D82012 /* WeatherViewModel.swift in Sources */ = {isa = PBXBuildFile; fileRef = BB6E0E2328EA5C7C00D82012 /* WeatherViewModel.swift */; };
		BB6E0E2628EA69CF00D82012 /* Double+Extensions.swift in Sources */ = {isa = PBXBuildFile; fileRef = BB6E0E2528EA69CE00D82012 /* Double+Extensions.swift */; };
		BB6E0E2828EA8B2500D82012 /* SettingsTableViewController.swift in Sources */ = {isa = PBXBuildFile; fileRef = BB6E0E2728EA8B2500D82012 /* SettingsTableViewController.swift */; };
		BBFF757428E7AFC800E15C6C /* AppDelegate.swift in Sources */ = {isa = PBXBuildFile; fileRef = BBFF757328E7AFC800E15C6C /* AppDelegate.swift */; };
		BBFF757628E7AFC800E15C6C /* SceneDelegate.swift in Sources */ = {isa = PBXBuildFile; fileRef = BBFF757528E7AFC800E15C6C /* SceneDelegate.swift */; };
		BBFF757B28E7AFC800E15C6C /* Main.storyboard in Resources */ = {isa = PBXBuildFile; fileRef = BBFF757928E7AFC800E15C6C /* Main.storyboard */; };
		BBFF757D28E7AFC900E15C6C /* Assets.xcassets in Resources */ = {isa = PBXBuildFile; fileRef = BBFF757C28E7AFC900E15C6C /* Assets.xcassets */; };
		BBFF758028E7AFC900E15C6C /* LaunchScreen.storyboard in Resources */ = {isa = PBXBuildFile; fileRef = BBFF757E28E7AFC900E15C6C /* LaunchScreen.storyboard */; };
/* End PBXBuildFile section */

/* Begin PBXFileReference section */
		BB6E0E0B28E8CD0500D82012 /* WeatherListTableViewController.swift */ = {isa = PBXFileReference; lastKnownFileType = sourcecode.swift; path = WeatherListTableViewController.swift; sourceTree = "<group>"; };
		BB6E0E0D28E8CF6300D82012 /* AddCityWeatherViewController.swift */ = {isa = PBXFileReference; lastKnownFileType = sourcecode.swift; path = AddCityWeatherViewController.swift; sourceTree = "<group>"; };
		BB6E0E1028E8EC7300D82012 /* CityWeatherCell.swift */ = {isa = PBXFileReference; lastKnownFileType = sourcecode.swift; path = CityWeatherCell.swift; sourceTree = "<group>"; };
		BB6E0E1328E919B500D82012 /* Webservice.swift */ = {isa = PBXFileReference; lastKnownFileType = sourcecode.swift; path = Webservice.swift; sourceTree = "<group>"; };
		BB6E0E1628EA3E6900D82012 /* WeatherResponse.swift */ = {isa = PBXFileReference; lastKnownFileType = sourcecode.swift; path = WeatherResponse.swift; sourceTree = "<group>"; };
		BB6E0E1928EA507000D82012 /* AddWeatherViewModel.swift */ = {isa = PBXFileReference; lastKnownFileType = sourcecode.swift; path = AddWeatherViewModel.swift; sourceTree = "<group>"; };
		BB6E0E1C28EA50BE00D82012 /* Constants.swift */ = {isa = PBXFileReference; lastKnownFileType = sourcecode.swift; path = Constants.swift; sourceTree = "<group>"; };
		BB6E0E1F28EA532200D82012 /* String+Extensions.swift */ = {isa = PBXFileReference; lastKnownFileType = sourcecode.swift; path = "String+Extensions.swift"; sourceTree = "<group>"; };
		BB6E0E2128EA5BB200D82012 /* WeatherListViewModel.swift */ = {isa = PBXFileReference; lastKnownFileType = sourcecode.swift; path = WeatherListViewModel.swift; sourceTree = "<group>"; };
		BB6E0E2328EA5C7C00D82012 /* WeatherViewModel.swift */ = {isa = PBXFileReference; lastKnownFileType = sourcecode.swift; path = WeatherViewModel.swift; sourceTree = "<group>"; };
		BB6E0E2528EA69CE00D82012 /* Double+Extensions.swift */ = {isa = PBXFileReference; lastKnownFileType = sourcecode.swift; path = "Double+Extensions.swift"; sourceTree = "<group>"; };
		BB6E0E2728EA8B2500D82012 /* SettingsTableViewController.swift */ = {isa = PBXFileReference; lastKnownFileType = sourcecode.swift; path = SettingsTableViewController.swift; sourceTree = "<group>"; };
		BBFF757028E7AFC800E15C6C /* CitiesWeather.app */ = {isa = PBXFileReference; explicitFileType = wrapper.application; includeInIndex = 0; path = CitiesWeather.app; sourceTree = BUILT_PRODUCTS_DIR; };
		BBFF757328E7AFC800E15C6C /* AppDelegate.swift */ = {isa = PBXFileReference; lastKnownFileType = sourcecode.swift; path = AppDelegate.swift; sourceTree = "<group>"; };
		BBFF757528E7AFC800E15C6C /* SceneDelegate.swift */ = {isa = PBXFileReference; lastKnownFileType = sourcecode.swift; path = SceneDelegate.swift; sourceTree = "<group>"; };
		BBFF757A28E7AFC800E15C6C /* Base */ = {isa = PBXFileReference; lastKnownFileType = file.storyboard; name = Base; path = Base.lproj/Main.storyboard; sourceTree = "<group>"; };
		BBFF757C28E7AFC900E15C6C /* Assets.xcassets */ = {isa = PBXFileReference; lastKnownFileType = folder.assetcatalog; path = Assets.xcassets; sourceTree = "<group>"; };
		BBFF757F28E7AFC900E15C6C /* Base */ = {isa = PBXFileReference; lastKnownFileType = file.storyboard; name = Base; path = Base.lproj/LaunchScreen.storyboard; sourceTree = "<group>"; };
		BBFF758128E7AFC900E15C6C /* Info.plist */ = {isa = PBXFileReference; lastKnownFileType = text.plist.xml; path = Info.plist; sourceTree = "<group>"; };
/* End PBXFileReference section */

/* Begin PBXFrameworksBuildPhase section */
		BBFF756D28E7AFC800E15C6C /* Frameworks */ = {
			isa = PBXFrameworksBuildPhase;
			buildActionMask = 2147483647;
			files = (
			);
			runOnlyForDeploymentPostprocessing = 0;
		};
/* End PBXFrameworksBuildPhase section */

/* Begin PBXGroup section */
		BB6E0E0A28E8CCD600D82012 /* ViewControllers */ = {
			isa = PBXGroup;
			children = (
				BB6E0E0B28E8CD0500D82012 /* WeatherListTableViewController.swift */,
				BB6E0E0D28E8CF6300D82012 /* AddCityWeatherViewController.swift */,
				BB6E0E2728EA8B2500D82012 /* SettingsTableViewController.swift */,
			);
			path = ViewControllers;
			sourceTree = "<group>";
		};
		BB6E0E0F28E8EC4F00D82012 /* Custom Cells */ = {
			isa = PBXGroup;
			children = (
				BB6E0E1028E8EC7300D82012 /* CityWeatherCell.swift */,
			);
			path = "Custom Cells";
			sourceTree = "<group>";
		};
		BB6E0E1228E9199E00D82012 /* Services */ = {
			isa = PBXGroup;
			children = (
				BB6E0E1328E919B500D82012 /* Webservice.swift */,
			);
			path = Services;
			sourceTree = "<group>";
		};
		BB6E0E1528EA1FA700D82012 /* Models */ = {
			isa = PBXGroup;
			children = (
				BB6E0E1628EA3E6900D82012 /* WeatherResponse.swift */,
			);
			path = Models;
			sourceTree = "<group>";
		};
		BB6E0E1828EA505500D82012 /* ViewModels */ = {
			isa = PBXGroup;
			children = (
				BB6E0E1928EA507000D82012 /* AddWeatherViewModel.swift */,
				BB6E0E2128EA5BB200D82012 /* WeatherListViewModel.swift */,
				BB6E0E2328EA5C7C00D82012 /* WeatherViewModel.swift */,
			);
			path = ViewModels;
			sourceTree = "<group>";
		};
		BB6E0E1B28EA50AC00D82012 /* Utilities */ = {
			isa = PBXGroup;
			children = (
				BB6E0E1C28EA50BE00D82012 /* Constants.swift */,
			);
			path = Utilities;
			sourceTree = "<group>";
		};
		BB6E0E1E28EA531700D82012 /* Extensions */ = {
			isa = PBXGroup;
			children = (
				BB6E0E1F28EA532200D82012 /* String+Extensions.swift */,
				BB6E0E2528EA69CE00D82012 /* Double+Extensions.swift */,
			);
			path = Extensions;
			sourceTree = "<group>";
		};
		BBFF756728E7AFC800E15C6C = {
			isa = PBXGroup;
			children = (
				BBFF757228E7AFC800E15C6C /* CitiesWeather */,
				BBFF757128E7AFC800E15C6C /* Products */,
			);
			sourceTree = "<group>";
		};
		BBFF757128E7AFC800E15C6C /* Products */ = {
			isa = PBXGroup;
			children = (
				BBFF757028E7AFC800E15C6C /* CitiesWeather.app */,
			);
			name = Products;
			sourceTree = "<group>";
		};
		BBFF757228E7AFC800E15C6C /* CitiesWeather */ = {
			isa = PBXGroup;
			children = (
				BB6E0E1E28EA531700D82012 /* Extensions */,
				BB6E0E1B28EA50AC00D82012 /* Utilities */,
				BB6E0E1828EA505500D82012 /* ViewModels */,
				BB6E0E1528EA1FA700D82012 /* Models */,
				BB6E0E1228E9199E00D82012 /* Services */,
				BB6E0E0F28E8EC4F00D82012 /* Custom Cells */,
				BB6E0E0A28E8CCD600D82012 /* ViewControllers */,
				BBFF757328E7AFC800E15C6C /* AppDelegate.swift */,
				BBFF757528E7AFC800E15C6C /* SceneDelegate.swift */,
				BBFF757928E7AFC800E15C6C /* Main.storyboard */,
				BBFF757C28E7AFC900E15C6C /* Assets.xcassets */,
				BBFF757E28E7AFC900E15C6C /* LaunchScreen.storyboard */,
				BBFF758128E7AFC900E15C6C /* Info.plist */,
			);
			path = CitiesWeather;
			sourceTree = "<group>";
		};
/* End PBXGroup section */

/* Begin PBXNativeTarget section */
		BBFF756F28E7AFC800E15C6C /* CitiesWeather */ = {
			isa = PBXNativeTarget;
			buildConfigurationList = BBFF758428E7AFC900E15C6C /* Build configuration list for PBXNativeTarget "CitiesWeather" */;
			buildPhases = (
				BBFF756C28E7AFC800E15C6C /* Sources */,
				BBFF756D28E7AFC800E15C6C /* Frameworks */,
				BBFF756E28E7AFC800E15C6C /* Resources */,
			);
			buildRules = (
			);
			dependencies = (
			);
			name = CitiesWeather;
			productName = CitiesWeather;
			productReference = BBFF757028E7AFC800E15C6C /* CitiesWeather.app */;
			productType = "com.apple.product-type.application";
		};
/* End PBXNativeTarget section */

/* Begin PBXProject section */
		BBFF756828E7AFC800E15C6C /* Project object */ = {
			isa = PBXProject;
			attributes = {
				BuildIndependentTargetsInParallel = 1;
				LastSwiftUpdateCheck = 1340;
				LastUpgradeCheck = 1340;
				TargetAttributes = {
					BBFF756F28E7AFC800E15C6C = {
						CreatedOnToolsVersion = 13.4.1;
					};
				};
			};
			buildConfigurationList = BBFF756B28E7AFC800E15C6C /* Build configuration list for PBXProject "CitiesWeather" */;
			compatibilityVersion = "Xcode 13.0";
			developmentRegion = en;
			hasScannedForEncodings = 0;
			knownRegions = (
				en,
				Base,
			);
			mainGroup = BBFF756728E7AFC800E15C6C;
			productRefGroup = BBFF757128E7AFC800E15C6C /* Products */;
			projectDirPath = "";
			projectRoot = "";
			targets = (
				BBFF756F28E7AFC800E15C6C /* CitiesWeather */,
			);
		};
/* End PBXProject section */

/* Begin PBXResourcesBuildPhase section */
		BBFF756E28E7AFC800E15C6C /* Resources */ = {
			isa = PBXResourcesBuildPhase;
			buildActionMask = 2147483647;
			files = (
				BBFF758028E7AFC900E15C6C /* LaunchScreen.storyboard in Resources */,
				BBFF757D28E7AFC900E15C6C /* Assets.xcassets in Resources */,
				BBFF757B28E7AFC800E15C6C /* Main.storyboard in Resources */,
			);
			runOnlyForDeploymentPostprocessing = 0;
		};
/* End PBXResourcesBuildPhase section */

/* Begin PBXSourcesBuildPhase section */
		BBFF756C28E7AFC800E15C6C /* Sources */ = {
			isa = PBXSourcesBuildPhase;
			buildActionMask = 2147483647;
			files = (
				BB6E0E1128E8EC7300D82012 /* CityWeatherCell.swift in Sources */,
				BB6E0E2628EA69CF00D82012 /* Double+Extensions.swift in Sources */,
				BB6E0E2428EA5C7C00D82012 /* WeatherViewModel.swift in Sources */,
				BB6E0E1A28EA507000D82012 /* AddWeatherViewModel.swift in Sources */,
				BB6E0E2028EA532200D82012 /* String+Extensions.swift in Sources */,
				BB6E0E0C28E8CD0500D82012 /* WeatherListTableViewController.swift in Sources */,
				BB6E0E2828EA8B2500D82012 /* SettingsTableViewController.swift in Sources */,
				BB6E0E1428E919B500D82012 /* Webservice.swift in Sources */,
				BB6E0E1728EA3E6900D82012 /* WeatherResponse.swift in Sources */,
				BB6E0E2228EA5BB200D82012 /* WeatherListViewModel.swift in Sources */,
				BBFF757428E7AFC800E15C6C /* AppDelegate.swift in Sources */,
				BB6E0E0E28E8CF6300D82012 /* AddCityWeatherViewController.swift in Sources */,
				BBFF757628E7AFC800E15C6C /* SceneDelegate.swift in Sources */,
				BB6E0E1D28EA50BE00D82012 /* Constants.swift in Sources */,
			);
			runOnlyForDeploymentPostprocessing = 0;
		};
/* End PBXSourcesBuildPhase section */

/* Begin PBXVariantGroup section */
		BBFF757928E7AFC800E15C6C /* Main.storyboard */ = {
			isa = PBXVariantGroup;
			children = (
				BBFF757A28E7AFC800E15C6C /* Base */,
			);
			name = Main.storyboard;
			sourceTree = "<group>";
		};
		BBFF757E28E7AFC900E15C6C /* LaunchScreen.storyboard */ = {
			isa = PBXVariantGroup;
			children = (
				BBFF757F28E7AFC900E15C6C /* Base */,
			);
			name = LaunchScreen.storyboard;
			sourceTree = "<group>";
		};
/* End PBXVariantGroup section */

/* Begin XCBuildConfiguration section */
		BBFF758228E7AFC900E15C6C /* Debug */ = {
			isa = XCBuildConfiguration;
			buildSettings = {
				ALWAYS_SEARCH_USER_PATHS = NO;
				CLANG_ANALYZER_NONNULL = YES;
				CLANG_ANALYZER_NUMBER_OBJECT_CONVERSION = YES_AGGRESSIVE;
				CLANG_CXX_LANGUAGE_STANDARD = "gnu++17";
				CLANG_ENABLE_MODULES = YES;
				CLANG_ENABLE_OBJC_ARC = YES;
				CLANG_ENABLE_OBJC_WEAK = YES;
				CLANG_WARN_BLOCK_CAPTURE_AUTORELEASING = YES;
				CLANG_WARN_BOOL_CONVERSION = YES;
				CLANG_WARN_COMMA = YES;
				CLANG_WARN_CONSTANT_CONVERSION = YES;
				CLANG_WARN_DEPRECATED_OBJC_IMPLEMENTATIONS = YES;
				CLANG_WARN_DIRECT_OBJC_ISA_USAGE = YES_ERROR;
				CLANG_WARN_DOCUMENTATION_COMMENTS = YES;
				CLANG_WARN_EMPTY_BODY = YES;
				CLANG_WARN_ENUM_CONVERSION = YES;
				CLANG_WARN_INFINITE_RECURSION = YES;
				CLANG_WARN_INT_CONVERSION = YES;
				CLANG_WARN_NON_LITERAL_NULL_CONVERSION = YES;
				CLANG_WARN_OBJC_IMPLICIT_RETAIN_SELF = YES;
				CLANG_WARN_OBJC_LITERAL_CONVERSION = YES;
				CLANG_WARN_OBJC_ROOT_CLASS = YES_ERROR;
				CLANG_WARN_QUOTED_INCLUDE_IN_FRAMEWORK_HEADER = YES;
				CLANG_WARN_RANGE_LOOP_ANALYSIS = YES;
				CLANG_WARN_STRICT_PROTOTYPES = YES;
				CLANG_WARN_SUSPICIOUS_MOVE = YES;
				CLANG_WARN_UNGUARDED_AVAILABILITY = YES_AGGRESSIVE;
				CLANG_WARN_UNREACHABLE_CODE = YES;
				CLANG_WARN__DUPLICATE_METHOD_MATCH = YES;
				COPY_PHASE_STRIP = NO;
				DEBUG_INFORMATION_FORMAT = dwarf;
				ENABLE_STRICT_OBJC_MSGSEND = YES;
				ENABLE_TESTABILITY = YES;
				GCC_C_LANGUAGE_STANDARD = gnu11;
				GCC_DYNAMIC_NO_PIC = NO;
				GCC_NO_COMMON_BLOCKS = YES;
				GCC_OPTIMIZATION_LEVEL = 0;
				GCC_PREPROCESSOR_DEFINITIONS = (
					"DEBUG=1",
					"$(inherited)",
				);
				GCC_WARN_64_TO_32_BIT_CONVERSION = YES;
				GCC_WARN_ABOUT_RETURN_TYPE = YES_ERROR;
				GCC_WARN_UNDECLARED_SELECTOR = YES;
				GCC_WARN_UNINITIALIZED_AUTOS = YES_AGGRESSIVE;
				GCC_WARN_UNUSED_FUNCTION = YES;
				GCC_WARN_UNUSED_VARIABLE = YES;
				IPHONEOS_DEPLOYMENT_TARGET = 15.5;
				MTL_ENABLE_DEBUG_INFO = INCLUDE_SOURCE;
				MTL_FAST_MATH = YES;
				ONLY_ACTIVE_ARCH = YES;
				SDKROOT = iphoneos;
				SWIFT_ACTIVE_COMPILATION_CONDITIONS = DEBUG;
				SWIFT_OPTIMIZATION_LEVEL = "-Onone";
			};
			name = Debug;
		};
		BBFF758328E7AFC900E15C6C /* Release */ = {
			isa = XCBuildConfiguration;
			buildSettings = {
				ALWAYS_SEARCH_USER_PATHS = NO;
				CLANG_ANALYZER_NONNULL = YES;
				CLANG_ANALYZER_NUMBER_OBJECT_CONVERSION = YES_AGGRESSIVE;
				CLANG_CXX_LANGUAGE_STANDARD = "gnu++17";
				CLANG_ENABLE_MODULES = YES;
				CLANG_ENABLE_OBJC_ARC = YES;
				CLANG_ENABLE_OBJC_WEAK = YES;
				CLANG_WARN_BLOCK_CAPTURE_AUTORELEASING = YES;
				CLANG_WARN_BOOL_CONVERSION = YES;
				CLANG_WARN_COMMA = YES;
				CLANG_WARN_CONSTANT_CONVERSION = YES;
				CLANG_WARN_DEPRECATED_OBJC_IMPLEMENTATIONS = YES;
				CLANG_WARN_DIRECT_OBJC_ISA_USAGE = YES_ERROR;
				CLANG_WARN_DOCUMENTATION_COMMENTS = YES;
				CLANG_WARN_EMPTY_BODY = YES;
				CLANG_WARN_ENUM_CONVERSION = YES;
				CLANG_WARN_INFINITE_RECURSION = YES;
				CLANG_WARN_INT_CONVERSION = YES;
				CLANG_WARN_NON_LITERAL_NULL_CONVERSION = YES;
				CLANG_WARN_OBJC_IMPLICIT_RETAIN_SELF = YES;
				CLANG_WARN_OBJC_LITERAL_CONVERSION = YES;
				CLANG_WARN_OBJC_ROOT_CLASS = YES_ERROR;
				CLANG_WARN_QUOTED_INCLUDE_IN_FRAMEWORK_HEADER = YES;
				CLANG_WARN_RANGE_LOOP_ANALYSIS = YES;
				CLANG_WARN_STRICT_PROTOTYPES = YES;
				CLANG_WARN_SUSPICIOUS_MOVE = YES;
				CLANG_WARN_UNGUARDED_AVAILABILITY = YES_AGGRESSIVE;
				CLANG_WARN_UNREACHABLE_CODE = YES;
				CLANG_WARN__DUPLICATE_METHOD_MATCH = YES;
				COPY_PHASE_STRIP = NO;
				DEBUG_INFORMATION_FORMAT = "dwarf-with-dsym";
				ENABLE_NS_ASSERTIONS = NO;
				ENABLE_STRICT_OBJC_MSGSEND = YES;
				GCC_C_LANGUAGE_STANDARD = gnu11;
				GCC_NO_COMMON_BLOCKS = YES;
				GCC_WARN_64_TO_32_BIT_CONVERSION = YES;
				GCC_WARN_ABOUT_RETURN_TYPE = YES_ERROR;
				GCC_WARN_UNDECLARED_SELECTOR = YES;
				GCC_WARN_UNINITIALIZED_AUTOS = YES_AGGRESSIVE;
				GCC_WARN_UNUSED_FUNCTION = YES;
				GCC_WARN_UNUSED_VARIABLE = YES;
				IPHONEOS_DEPLOYMENT_TARGET = 15.5;
				MTL_ENABLE_DEBUG_INFO = NO;
				MTL_FAST_MATH = YES;
				SDKROOT = iphoneos;
				SWIFT_COMPILATION_MODE = wholemodule;
				SWIFT_OPTIMIZATION_LEVEL = "-O";
				VALIDATE_PRODUCT = YES;
			};
			name = Release;
		};
		BBFF758528E7AFC900E15C6C /* Debug */ = {
			isa = XCBuildConfiguration;
			buildSettings = {
				ASSETCATALOG_COMPILER_APPICON_NAME = AppIcon;
				ASSETCATALOG_COMPILER_GLOBAL_ACCENT_COLOR_NAME = AccentColor;
				CODE_SIGN_STYLE = Automatic;
				CURRENT_PROJECT_VERSION = 1;
				DEVELOPMENT_TEAM = 26F9N5R3S4;
				GENERATE_INFOPLIST_FILE = YES;
				INFOPLIST_FILE = CitiesWeather/Info.plist;
				INFOPLIST_KEY_UIApplicationSupportsIndirectInputEvents = YES;
				INFOPLIST_KEY_UILaunchStoryboardName = LaunchScreen;
				INFOPLIST_KEY_UIMainStoryboardFile = Main;
				INFOPLIST_KEY_UISupportedInterfaceOrientations_iPad = "UIInterfaceOrientationPortrait UIInterfaceOrientationPortraitUpsideDown UIInterfaceOrientationLandscapeLeft UIInterfaceOrientationLandscapeRight";
				INFOPLIST_KEY_UISupportedInterfaceOrientations_iPhone = "UIInterfaceOrientationPortrait UIInterfaceOrientationLandscapeLeft UIInterfaceOrientationLandscapeRight";
				LD_RUNPATH_SEARCH_PATHS = (
					"$(inherited)",
					"@executable_path/Frameworks",
				);
				MARKETING_VERSION = 1.0;
				PRODUCT_BUNDLE_IDENTIFIER = com.kaushal.CitiesWeather;
				PRODUCT_NAME = "$(TARGET_NAME)";
				SWIFT_EMIT_LOC_STRINGS = YES;
				SWIFT_VERSION = 5.0;
				TARGETED_DEVICE_FAMILY = "1,2";
			};
			name = Debug;
		};
		BBFF758628E7AFC900E15C6C /* Release */ = {
			isa = XCBuildConfiguration;
			buildSettings = {
				ASSETCATALOG_COMPILER_APPICON_NAME = AppIcon;
				ASSETCATALOG_COMPILER_GLOBAL_ACCENT_COLOR_NAME = AccentColor;
				CODE_SIGN_STYLE = Automatic;
				CURRENT_PROJECT_VERSION = 1;
				DEVELOPMENT_TEAM = 26F9N5R3S4;
				GENERATE_INFOPLIST_FILE = YES;
				INFOPLIST_FILE = CitiesWeather/Info.plist;
				INFOPLIST_KEY_UIApplicationSupportsIndirectInputEvents = YES;
				INFOPLIST_KEY_UILaunchStoryboardName = LaunchScreen;
				INFOPLIST_KEY_UIMainStoryboardFile = Main;
				INFOPLIST_KEY_UISupportedInterfaceOrientations_iPad = "UIInterfaceOrientationPortrait UIInterfaceOrientationPortraitUpsideDown UIInterfaceOrientationLandscapeLeft UIInterfaceOrientationLandscapeRight";
				INFOPLIST_KEY_UISupportedInterfaceOrientations_iPhone = "UIInterfaceOrientationPortrait UIInterfaceOrientationLandscapeLeft UIInterfaceOrientationLandscapeRight";
				LD_RUNPATH_SEARCH_PATHS = (
					"$(inherited)",
					"@executable_path/Frameworks",
				);
				MARKETING_VERSION = 1.0;
				PRODUCT_BUNDLE_IDENTIFIER = com.kaushal.CitiesWeather;
				PRODUCT_NAME = "$(TARGET_NAME)";
				SWIFT_EMIT_LOC_STRINGS = YES;
				SWIFT_VERSION = 5.0;
				TARGETED_DEVICE_FAMILY = "1,2";
			};
			name = Release;
		};
/* End XCBuildConfiguration section */

/* Begin XCConfigurationList section */
		BBFF756B28E7AFC800E15C6C /* Build configuration list for PBXProject "CitiesWeather" */ = {
			isa = XCConfigurationList;
			buildConfigurations = (
				BBFF758228E7AFC900E15C6C /* Debug */,
				BBFF758328E7AFC900E15C6C /* Release */,
			);
			defaultConfigurationIsVisible = 0;
			defaultConfigurationName = Release;
		};
		BBFF758428E7AFC900E15C6C /* Build configuration list for PBXNativeTarget "CitiesWeather" */ = {
			isa = XCConfigurationList;
			buildConfigurations = (
				BBFF758528E7AFC900E15C6C /* Debug */,
				BBFF758628E7AFC900E15C6C /* Release */,
			);
			defaultConfigurationIsVisible = 0;
			defaultConfigurationName = Release;
		};
/* End XCConfigurationList section */
	};
	rootObject = BBFF756828E7AFC800E15C6C /* Project object */;
}
